
Microsoft Visual Studio Solution File, Format Version 12.00
# Visual Studio 15
VisualStudioVersion = 15.0.28307.1062
MinimumVisualStudioVersion = 10.0.40219.1
Project("{FAE04EC0-301F-11D3-BF4B-00C04F79EFBC}") = "stipistopi", "stipistopi\stipistopi.csproj", "{033B945D-05A7-42E0-B20D-802CB31B98ED}"
EndProject
Global
	GlobalSection(SolutionConfigurationPlatforms) = preSolution
		Debug|Any CPU = Debug|Any CPU
		Release|Any CPU = Release|Any CPU
	EndGlobalSection
	GlobalSection(ProjectConfigurationPlatforms) = postSolution
		{033B945D-05A7-42E0-B20D-802CB31B98ED}.Debug|Any CPU.ActiveCfg = Debug|Any CPU
		{033B945D-05A7-42E0-B20D-802CB31B98ED}.Debug|Any CPU.Build.0 = Debug|Any CPU
		{033B945D-05A7-42E0-B20D-802CB31B98ED}.Release|Any CPU.ActiveCfg = Release|Any CPU
		{033B945D-05A7-42E0-B20D-802CB31B98ED}.Release|Any CPU.Build.0 = Release|Any CPU
	EndGlobalSection
	GlobalSection(SolutionProperties) = preSolution
		HideSolutionNode = FALSE
	EndGlobalSection
	GlobalSection(ExtensibilityGlobals) = postSolution
		SolutionGuid = {2A29D7A0-FA77-4200-B22B-44563CB66547}
	EndGlobalSection
EndGlobal
